
Microsoft Visual Studio Solution File, Format Version 12.00
# Visual Studio Version 17
VisualStudioVersion = 17.9.34728.123
MinimumVisualStudioVersion = 10.0.40219.1
Project("{FAE04EC0-301F-11D3-BF4B-00C04F79EFBC}") = "C-SHARP-PRIMEIRA-AULA", "C-SHARP-PRIMEIRA-AULA\C-SHARP-PRIMEIRA-AULA.csproj", "{584D9C97-1170-4207-BB63-62E46D870FD3}"
EndProject
Global
	GlobalSection(SolutionConfigurationPlatforms) = preSolution
		Debug|Any CPU = Debug|Any CPU
		Release|Any CPU = Release|Any CPU
	EndGlobalSection
	GlobalSection(ProjectConfigurationPlatforms) = postSolution
		{584D9C97-1170-4207-BB63-62E46D870FD3}.Debug|Any CPU.ActiveCfg = Debug|Any CPU
		{584D9C97-1170-4207-BB63-62E46D870FD3}.Debug|Any CPU.Build.0 = Debug|Any CPU
		{584D9C97-1170-4207-BB63-62E46D870FD3}.Release|Any CPU.ActiveCfg = Release|Any CPU
		{584D9C97-1170-4207-BB63-62E46D870FD3}.Release|Any CPU.Build.0 = Release|Any CPU
	EndGlobalSection
	GlobalSection(SolutionProperties) = preSolution
		HideSolutionNode = FALSE
	EndGlobalSection
	GlobalSection(ExtensibilityGlobals) = postSolution
		SolutionGuid = {28407E7E-392D-46FC-B05D-F7DE8FC9846A}
	EndGlobalSection
EndGlobal
