
Microsoft Visual Studio Solution File, Format Version 12.00
# Visual Studio Version 17
VisualStudioVersion = 17.9.34728.123
MinimumVisualStudioVersion = 10.0.40219.1
Project("{FAE04EC0-301F-11D3-BF4B-00C04F79EFBC}") = "C-SHARP-2-AULA", "C-SHARP-SEGUNDA-AULA\C-SHARP-2-AULA.csproj", "{4FF92E30-4D10-4710-9782-E5B9987A1F49}"
EndProject
Global
	GlobalSection(SolutionConfigurationPlatforms) = preSolution
		Debug|Any CPU = Debug|Any CPU
		Release|Any CPU = Release|Any CPU
	EndGlobalSection
	GlobalSection(ProjectConfigurationPlatforms) = postSolution
		{4FF92E30-4D10-4710-9782-E5B9987A1F49}.Debug|Any CPU.ActiveCfg = Debug|Any CPU
		{4FF92E30-4D10-4710-9782-E5B9987A1F49}.Debug|Any CPU.Build.0 = Debug|Any CPU
		{4FF92E30-4D10-4710-9782-E5B9987A1F49}.Release|Any CPU.ActiveCfg = Release|Any CPU
		{4FF92E30-4D10-4710-9782-E5B9987A1F49}.Release|Any CPU.Build.0 = Release|Any CPU
	EndGlobalSection
	GlobalSection(SolutionProperties) = preSolution
		HideSolutionNode = FALSE
	EndGlobalSection
	GlobalSection(ExtensibilityGlobals) = postSolution
		SolutionGuid = {F3277010-03F7-4645-A692-3E9AD6DEA34A}
	EndGlobalSection
EndGlobal
